
Microsoft Visual Studio Solution File, Format Version 12.00
# Visual Studio Version 17
VisualStudioVersion = 17.4.33403.182
MinimumVisualStudioVersion = 10.0.40219.1
Project("{9A19103F-16F7-4668-BE54-9A1E7A4F7556}") = "BaseBotService", "BaseBotService\BaseBotService.csproj", "{A270D271-1837-4073-B0FE-9134DEFCEDF9}"
EndProject
Project("{2150E333-8FDC-42A3-9474-1A3956D46DE8}") = "Solution Items", "Solution Items", "{F92AD6C5-7DEA-4394-B334-40C78E768330}"
	ProjectSection(SolutionItems) = preProject
		.editorconfig = .editorconfig
		.gitattributes = .gitattributes
		.gitignore = .gitignore
		Directory.Build.props = Directory.Build.props
	EndProjectSection
EndProject
Project("{2150E333-8FDC-42A3-9474-1A3956D46DE8}") = "Documentation", "Documentation", "{2AB82065-630C-41C3-AF62-A1D78A290CEF}"
	ProjectSection(SolutionItems) = preProject
		CODE_OF_CONDUCT.md = CODE_OF_CONDUCT.md
		CONTRIBUTING.md = CONTRIBUTING.md
		CONTRIBUTORS.md = CONTRIBUTORS.md
		LICENSE = LICENSE
		README.md = README.md
		SECURITY.md = SECURITY.md
	EndProjectSection
EndProject
Global
	GlobalSection(SolutionConfigurationPlatforms) = preSolution
		Debug|Any CPU = Debug|Any CPU
		Release|Any CPU = Release|Any CPU
	EndGlobalSection
	GlobalSection(ProjectConfigurationPlatforms) = postSolution
		{A270D271-1837-4073-B0FE-9134DEFCEDF9}.Debug|Any CPU.ActiveCfg = Debug|Any CPU
		{A270D271-1837-4073-B0FE-9134DEFCEDF9}.Debug|Any CPU.Build.0 = Debug|Any CPU
		{A270D271-1837-4073-B0FE-9134DEFCEDF9}.Release|Any CPU.ActiveCfg = Release|Any CPU
		{A270D271-1837-4073-B0FE-9134DEFCEDF9}.Release|Any CPU.Build.0 = Release|Any CPU
	EndGlobalSection
	GlobalSection(SolutionProperties) = preSolution
		HideSolutionNode = FALSE
	EndGlobalSection
	GlobalSection(ExtensibilityGlobals) = postSolution
		SolutionGuid = {D12AD660-7321-43AC-B457-D0836D115A6B}
	EndGlobalSection
EndGlobal
